
Microsoft Visual Studio Solution File, Format Version 12.00
# Visual Studio Version 16
VisualStudioVersion = 16.0.31613.86
MinimumVisualStudioVersion = 10.0.40219.1
Project("{9A19103F-16F7-4668-BE54-9A1E7A4F7556}") = "MES.Server", "Server\MES.Server.csproj", "{7EA2FBD2-F3DD-43D2-96C9-D9EEE4F0C237}"
EndProject
Project("{9A19103F-16F7-4668-BE54-9A1E7A4F7556}") = "MES.Client", "Client\MES.Client.csproj", "{58DDD3BA-9C1F-4137-B920-69070B5B0975}"
EndProject
Project("{9A19103F-16F7-4668-BE54-9A1E7A4F7556}") = "MES.Shared", "Shared\MES.Shared.csproj", "{E0222F4C-70DE-4FD8-A08D-2F56C8110BD9}"
EndProject
Global
	GlobalSection(SolutionConfigurationPlatforms) = preSolution
		Debug|Any CPU = Debug|Any CPU
		Release|Any CPU = Release|Any CPU
	EndGlobalSection
	GlobalSection(ProjectConfigurationPlatforms) = postSolution
		{7EA2FBD2-F3DD-43D2-96C9-D9EEE4F0C237}.Debug|Any CPU.ActiveCfg = Debug|Any CPU
		{7EA2FBD2-F3DD-43D2-96C9-D9EEE4F0C237}.Debug|Any CPU.Build.0 = Debug|Any CPU
		{7EA2FBD2-F3DD-43D2-96C9-D9EEE4F0C237}.Release|Any CPU.ActiveCfg = Release|Any CPU
		{7EA2FBD2-F3DD-43D2-96C9-D9EEE4F0C237}.Release|Any CPU.Build.0 = Release|Any CPU
		{58DDD3BA-9C1F-4137-B920-69070B5B0975}.Debug|Any CPU.ActiveCfg = Debug|Any CPU
		{58DDD3BA-9C1F-4137-B920-69070B5B0975}.Debug|Any CPU.Build.0 = Debug|Any CPU
		{58DDD3BA-9C1F-4137-B920-69070B5B0975}.Release|Any CPU.ActiveCfg = Release|Any CPU
		{58DDD3BA-9C1F-4137-B920-69070B5B0975}.Release|Any CPU.Build.0 = Release|Any CPU
		{E0222F4C-70DE-4FD8-A08D-2F56C8110BD9}.Debug|Any CPU.ActiveCfg = Debug|Any CPU
		{E0222F4C-70DE-4FD8-A08D-2F56C8110BD9}.Debug|Any CPU.Build.0 = Debug|Any CPU
		{E0222F4C-70DE-4FD8-A08D-2F56C8110BD9}.Release|Any CPU.ActiveCfg = Release|Any CPU
		{E0222F4C-70DE-4FD8-A08D-2F56C8110BD9}.Release|Any CPU.Build.0 = Release|Any CPU
	EndGlobalSection
	GlobalSection(SolutionProperties) = preSolution
		HideSolutionNode = FALSE
	EndGlobalSection
	GlobalSection(ExtensibilityGlobals) = postSolution
		SolutionGuid = {3AF8E9B9-913D-4D94-9606-01EDFD647405}
	EndGlobalSection
EndGlobal
